
Microsoft Visual Studio Solution File, Format Version 12.00
# Visual Studio Version 17
VisualStudioVersion = 17.5.33502.453
MinimumVisualStudioVersion = 10.0.40219.1
Project("{9A19103F-16F7-4668-BE54-9A1E7A4F7556}") = "ResizeImages", "ResizeImages\ResizeImages.csproj", "{50C5C2DE-FF76-439E-AAEC-3FE135FE4E7B}"
EndProject
Project("{2150E333-8FDC-42A3-9474-1A3956D46DE8}") = "Solution Items", "Solution Items", "{BCA5410A-6BF9-4C66-89CC-EF2705E906AD}"
	ProjectSection(SolutionItems) = preProject
		.gitignore = .gitignore
		icon.png = icon.png
		README.md = README.md
		ScreenCapture.png = ScreenCapture.png
	EndProjectSection
EndProject
Project("{9A19103F-16F7-4668-BE54-9A1E7A4F7556}") = "ResizeImages.Core", "ResizeImages.Core\ResizeImages.Core.csproj", "{80FDF741-A9A4-4CAF-B2A3-8829325CB7F8}"
EndProject
Project("{2150E333-8FDC-42A3-9474-1A3956D46DE8}") = ".github", ".github", "{428A32BC-0F0A-4174-8848-DC9B02267D66}"
	ProjectSection(SolutionItems) = preProject
		.github\FUNDING.yml = .github\FUNDING.yml
	EndProjectSection
EndProject
Project("{2150E333-8FDC-42A3-9474-1A3956D46DE8}") = "workflows", "workflows", "{E08DEAD9-2417-4DD6-9D20-32F622D614A6}"
	ProjectSection(SolutionItems) = preProject
		.github\workflows\publish.yml = .github\workflows\publish.yml
	EndProjectSection
EndProject
Global
	GlobalSection(SolutionConfigurationPlatforms) = preSolution
		Debug|Any CPU = Debug|Any CPU
		Release|Any CPU = Release|Any CPU
	EndGlobalSection
	GlobalSection(ProjectConfigurationPlatforms) = postSolution
		{50C5C2DE-FF76-439E-AAEC-3FE135FE4E7B}.Debug|Any CPU.ActiveCfg = Debug|Any CPU
		{50C5C2DE-FF76-439E-AAEC-3FE135FE4E7B}.Debug|Any CPU.Build.0 = Debug|Any CPU
		{50C5C2DE-FF76-439E-AAEC-3FE135FE4E7B}.Release|Any CPU.ActiveCfg = Release|Any CPU
		{50C5C2DE-FF76-439E-AAEC-3FE135FE4E7B}.Release|Any CPU.Build.0 = Release|Any CPU
		{80FDF741-A9A4-4CAF-B2A3-8829325CB7F8}.Debug|Any CPU.ActiveCfg = Debug|Any CPU
		{80FDF741-A9A4-4CAF-B2A3-8829325CB7F8}.Debug|Any CPU.Build.0 = Debug|Any CPU
		{80FDF741-A9A4-4CAF-B2A3-8829325CB7F8}.Release|Any CPU.ActiveCfg = Release|Any CPU
		{80FDF741-A9A4-4CAF-B2A3-8829325CB7F8}.Release|Any CPU.Build.0 = Release|Any CPU
	EndGlobalSection
	GlobalSection(SolutionProperties) = preSolution
		HideSolutionNode = FALSE
	EndGlobalSection
	GlobalSection(NestedProjects) = preSolution
		{428A32BC-0F0A-4174-8848-DC9B02267D66} = {BCA5410A-6BF9-4C66-89CC-EF2705E906AD}
		{E08DEAD9-2417-4DD6-9D20-32F622D614A6} = {428A32BC-0F0A-4174-8848-DC9B02267D66}
	EndGlobalSection
	GlobalSection(ExtensibilityGlobals) = postSolution
		SolutionGuid = {8DCFBEE0-25AA-46F5-8303-AB599913AF7E}
	EndGlobalSection
EndGlobal
