
Microsoft Visual Studio Solution File, Format Version 12.00
# Visual Studio Version 16
VisualStudioVersion = 16.0.30717.126
MinimumVisualStudioVersion = 10.0.40219.1
Project("{FAE04EC0-301F-11D3-BF4B-00C04F79EFBC}") = "ResizeImages", "ResizeImages\ResizeImages.csproj", "{50C5C2DE-FF76-439E-AAEC-3FE135FE4E7B}"
EndProject
Global
	GlobalSection(SolutionConfigurationPlatforms) = preSolution
		Debug|Any CPU = Debug|Any CPU
		Release|Any CPU = Release|Any CPU
	EndGlobalSection
	GlobalSection(ProjectConfigurationPlatforms) = postSolution
		{50C5C2DE-FF76-439E-AAEC-3FE135FE4E7B}.Debug|Any CPU.ActiveCfg = Debug|Any CPU
		{50C5C2DE-FF76-439E-AAEC-3FE135FE4E7B}.Debug|Any CPU.Build.0 = Debug|Any CPU
		{50C5C2DE-FF76-439E-AAEC-3FE135FE4E7B}.Release|Any CPU.ActiveCfg = Release|Any CPU
		{50C5C2DE-FF76-439E-AAEC-3FE135FE4E7B}.Release|Any CPU.Build.0 = Release|Any CPU
	EndGlobalSection
	GlobalSection(SolutionProperties) = preSolution
		HideSolutionNode = FALSE
	EndGlobalSection
	GlobalSection(ExtensibilityGlobals) = postSolution
		SolutionGuid = {8DCFBEE0-25AA-46F5-8303-AB599913AF7E}
	EndGlobalSection
EndGlobal
